
Microsoft Visual Studio Solution File, Format Version 12.00
# Visual Studio Version 17
VisualStudioVersion = 17.10.34928.147
MinimumVisualStudioVersion = 10.0.40219.1
Project("{FAE04EC0-301F-11D3-BF4B-00C04F79EFBC}") = "aairos", "aairos\aairos.csproj", "{CF8C3E90-F02D-4749-BCD0-17397EE27690}"
EndProject
Global
	GlobalSection(SolutionConfigurationPlatforms) = preSolution
		Debug|Any CPU = Debug|Any CPU
		Release|Any CPU = Release|Any CPU
	EndGlobalSection
	GlobalSection(ProjectConfigurationPlatforms) = postSolution
		{CF8C3E90-F02D-4749-BCD0-17397EE27690}.Debug|Any CPU.ActiveCfg = Debug|Any CPU
		{CF8C3E90-F02D-4749-BCD0-17397EE27690}.Debug|Any CPU.Build.0 = Debug|Any CPU
		{CF8C3E90-F02D-4749-BCD0-17397EE27690}.Release|Any CPU.ActiveCfg = Release|Any CPU
		{CF8C3E90-F02D-4749-BCD0-17397EE27690}.Release|Any CPU.Build.0 = Release|Any CPU
	EndGlobalSection
	GlobalSection(SolutionProperties) = preSolution
		HideSolutionNode = FALSE
	EndGlobalSection
	GlobalSection(ExtensibilityGlobals) = postSolution
		SolutionGuid = {31C8FA05-82F2-46A5-A82A-741C63F6475F}
	EndGlobalSection
EndGlobal
