
Microsoft Visual Studio Solution File, Format Version 12.00
# Visual Studio Version 17
VisualStudioVersion = 17.10.34928.147
MinimumVisualStudioVersion = 10.0.40219.1
Project("{FAE04EC0-301F-11D3-BF4B-00C04F79EFBC}") = "ProductAPI", "ProductAPI\ProductAPI.csproj", "{C6BE756E-304F-4B7C-A161-12B91BCA3EB0}"
EndProject
Global
	GlobalSection(SolutionConfigurationPlatforms) = preSolution
		Debug|Any CPU = Debug|Any CPU
		Release|Any CPU = Release|Any CPU
	EndGlobalSection
	GlobalSection(ProjectConfigurationPlatforms) = postSolution
		{C6BE756E-304F-4B7C-A161-12B91BCA3EB0}.Debug|Any CPU.ActiveCfg = Debug|Any CPU
		{C6BE756E-304F-4B7C-A161-12B91BCA3EB0}.Debug|Any CPU.Build.0 = Debug|Any CPU
		{C6BE756E-304F-4B7C-A161-12B91BCA3EB0}.Release|Any CPU.ActiveCfg = Release|Any CPU
		{C6BE756E-304F-4B7C-A161-12B91BCA3EB0}.Release|Any CPU.Build.0 = Release|Any CPU
	EndGlobalSection
	GlobalSection(SolutionProperties) = preSolution
		HideSolutionNode = FALSE
	EndGlobalSection
	GlobalSection(ExtensibilityGlobals) = postSolution
		SolutionGuid = {27823F49-28B8-4264-8073-ACE578166F0E}
	EndGlobalSection
EndGlobal
